
Microsoft Visual Studio Solution File, Format Version 12.00
# Visual Studio Version 16
VisualStudioVersion = 16.0.32126.315
MinimumVisualStudioVersion = 10.0.40219.1
Project("{FAE04EC0-301F-11D3-BF4B-00C04F79EFBC}") = "HorseTrackAtm", "HorseTrackAtm\HorseTrackAtm.csproj", "{81B74BE4-E64D-43DF-9142-1DCADB4418F7}"
EndProject
Project("{FAE04EC0-301F-11D3-BF4B-00C04F79EFBC}") = "HorseTrackAtmTests", "HorseTrackAtmTests\HorseTrackAtmTests.csproj", "{0AE1E209-204B-4B2D-AAD9-E4D77236E73C}"
EndProject
Global
	GlobalSection(SolutionConfigurationPlatforms) = preSolution
		Debug|Any CPU = Debug|Any CPU
		Release|Any CPU = Release|Any CPU
	EndGlobalSection
	GlobalSection(ProjectConfigurationPlatforms) = postSolution
		{81B74BE4-E64D-43DF-9142-1DCADB4418F7}.Debug|Any CPU.ActiveCfg = Debug|Any CPU
		{81B74BE4-E64D-43DF-9142-1DCADB4418F7}.Debug|Any CPU.Build.0 = Debug|Any CPU
		{81B74BE4-E64D-43DF-9142-1DCADB4418F7}.Release|Any CPU.ActiveCfg = Release|Any CPU
		{81B74BE4-E64D-43DF-9142-1DCADB4418F7}.Release|Any CPU.Build.0 = Release|Any CPU
		{0AE1E209-204B-4B2D-AAD9-E4D77236E73C}.Debug|Any CPU.ActiveCfg = Debug|Any CPU
		{0AE1E209-204B-4B2D-AAD9-E4D77236E73C}.Debug|Any CPU.Build.0 = Debug|Any CPU
		{0AE1E209-204B-4B2D-AAD9-E4D77236E73C}.Release|Any CPU.ActiveCfg = Release|Any CPU
		{0AE1E209-204B-4B2D-AAD9-E4D77236E73C}.Release|Any CPU.Build.0 = Release|Any CPU
	EndGlobalSection
	GlobalSection(SolutionProperties) = preSolution
		HideSolutionNode = FALSE
	EndGlobalSection
	GlobalSection(ExtensibilityGlobals) = postSolution
		SolutionGuid = {9DF121CA-ACC7-46DD-A1B4-811A5AAD142A}
	EndGlobalSection
EndGlobal
